{
    "name": "threadshare",
    "version": "1.0.3",
    "lockfileVersion": 2,
    "requires": true,
    "packages": {
        "": {
            "name": "threadshare",
            "version": "1.0.2",
            "license": "MIT",
            "dependencies": {
                "threadshare": "^1.0.2"
            }
        },
        "node_modules/threadshare": {
            "version": "1.0.2",
            "resolved": "https://registry.npmjs.org/threadshare/-/threadshare-1.0.2.tgz",
            "integrity": "sha512-N9exD8VqWMhIi+PN26Wxku9YlSnZQ2skR+Pw37z0OliDAwQfWP4tS+KbLl2FOMIMRzVSmuiR8hX6vGvDycCJPA=="
        }
    },
    "dependencies": {
        "threadshare": {
            "version": "1.0.2",
            "resolved": "https://registry.npmjs.org/threadshare/-/threadshare-1.0.2.tgz",
            "integrity": "sha512-N9exD8VqWMhIi+PN26Wxku9YlSnZQ2skR+Pw37z0OliDAwQfWP4tS+KbLl2FOMIMRzVSmuiR8hX6vGvDycCJPA=="
        }
    }
}
